
Microsoft Visual Studio Solution File, Format Version 12.00
# Visual Studio Version 17
VisualStudioVersion = 17.13.35806.99 d17.13
MinimumVisualStudioVersion = 10.0.40219.1
Project("{8BC9CEB8-8B4A-11D0-8D11-00A0C91BC942}") = "解析json数据", "解析json数据\解析json数据.vcxproj", "{B67B9B5C-217D-431D-92B1-9FE73CE44302}"
EndProject
Global
	GlobalSection(SolutionConfigurationPlatforms) = preSolution
		Debug|x64 = Debug|x64
		Debug|x86 = Debug|x86
		Release|x64 = Release|x64
		Release|x86 = Release|x86
	EndGlobalSection
	GlobalSection(ProjectConfigurationPlatforms) = postSolution
		{B67B9B5C-217D-431D-92B1-9FE73CE44302}.Debug|x64.ActiveCfg = Debug|x64
		{B67B9B5C-217D-431D-92B1-9FE73CE44302}.Debug|x64.Build.0 = Debug|x64
		{B67B9B5C-217D-431D-92B1-9FE73CE44302}.Debug|x86.ActiveCfg = Debug|Win32
		{B67B9B5C-217D-431D-92B1-9FE73CE44302}.Debug|x86.Build.0 = Debug|Win32
		{B67B9B5C-217D-431D-92B1-9FE73CE44302}.Release|x64.ActiveCfg = Release|x64
		{B67B9B5C-217D-431D-92B1-9FE73CE44302}.Release|x64.Build.0 = Release|x64
		{B67B9B5C-217D-431D-92B1-9FE73CE44302}.Release|x86.ActiveCfg = Release|Win32
		{B67B9B5C-217D-431D-92B1-9FE73CE44302}.Release|x86.Build.0 = Release|Win32
	EndGlobalSection
	GlobalSection(SolutionProperties) = preSolution
		HideSolutionNode = FALSE
	EndGlobalSection
	GlobalSection(ExtensibilityGlobals) = postSolution
		SolutionGuid = {5D9118DB-CD8B-4C2D-BBE3-385C26D0626C}
	EndGlobalSection
EndGlobal
